<?xml version="1.0" encoding="UTF-8" standalone="yes" ?>
<CodeBlocks_project_file>
	<FileVersion major="1" minor="6" />
	<Project>
		<Option title="posBasedPhysicsVisualiser" />
		<Option pch_mode="2" />
		<Option compiler="gcc" />
		<Build>
			<Target title="Debug">
				<Option output="bin/Debug/posBasedPhysicsVisualiser" prefix_auto="1" extension_auto="1" />
				<Option object_output="../posBasedPhysicsVisualiser" />
				<Option type="1" />
				<Option compiler="gcc" />
				<Compiler>
					<Add option="-g" />
				</Compiler>
			</Target>
			<Target title="Release">
				<Option output="bin/Release/posBasedPhysicsVisualiser" prefix_auto="1" extension_auto="1" />
				<Option object_output="obj/Release/" />
				<Option type="1" />
				<Option compiler="gcc" />
				<Compiler>
					<Add option="-O2" />
				</Compiler>
				<Linker>
					<Add option="-s" />
				</Linker>
			</Target>
		</Build>
		<Compiler>
			<Add option="-Wall" />
			<Add option="-fexceptions" />
		</Compiler>
		<Unit filename="fragment-shader.txt" />
		<Unit filename="main.cpp" />
		<Unit filename="platform.hpp" />
		<Unit filename="tdogl/Bitmap.cpp" />
		<Unit filename="tdogl/Bitmap.h" />
		<Unit filename="tdogl/Camera.cpp" />
		<Unit filename="tdogl/Camera.h" />
		<Unit filename="tdogl/Program.cpp" />
		<Unit filename="tdogl/Program.h" />
		<Unit filename="tdogl/Shader.cpp" />
		<Unit filename="tdogl/Shader.h" />
		<Unit filename="tdogl/Texture.cpp" />
		<Unit filename="tdogl/Texture.h" />
		<Unit filename="vertex-shader.txt" />
		<Unit filename="wooden-crate.jpg" />
		<Extensions>
			<code_completion />
			<envvars />
			<debugger />
			<lib_finder disable_auto="1" />
		</Extensions>
	</Project>
</CodeBlocks_project_file>
